
Microsoft Visual Studio Solution File, Format Version 12.00
# Visual Studio 15
VisualStudioVersion = 15.0.28307.645
MinimumVisualStudioVersion = 10.0.40219.1
Project("{FAE04EC0-301F-11D3-BF4B-00C04F79EFBC}") = "TestProject", "TestProject\TestProject.csproj", "{C96F3E3C-FF9D-47D0-B534-135ED876EB3C}"
EndProject
Project("{FAE04EC0-301F-11D3-BF4B-00C04F79EFBC}") = "UnitTestProject1", "UnitTestProject1\UnitTestProject1.csproj", "{6B172501-0F9E-4E47-86B1-85B16501970A}"
EndProject
Global
	GlobalSection(SolutionConfigurationPlatforms) = preSolution
		Debug|Any CPU = Debug|Any CPU
		Release|Any CPU = Release|Any CPU
	EndGlobalSection
	GlobalSection(ProjectConfigurationPlatforms) = postSolution
		{C96F3E3C-FF9D-47D0-B534-135ED876EB3C}.Debug|Any CPU.ActiveCfg = Debug|Any CPU
		{C96F3E3C-FF9D-47D0-B534-135ED876EB3C}.Debug|Any CPU.Build.0 = Debug|Any CPU
		{C96F3E3C-FF9D-47D0-B534-135ED876EB3C}.Release|Any CPU.ActiveCfg = Release|Any CPU
		{C96F3E3C-FF9D-47D0-B534-135ED876EB3C}.Release|Any CPU.Build.0 = Release|Any CPU
		{6B172501-0F9E-4E47-86B1-85B16501970A}.Debug|Any CPU.ActiveCfg = Debug|Any CPU
		{6B172501-0F9E-4E47-86B1-85B16501970A}.Debug|Any CPU.Build.0 = Debug|Any CPU
		{6B172501-0F9E-4E47-86B1-85B16501970A}.Release|Any CPU.ActiveCfg = Release|Any CPU
		{6B172501-0F9E-4E47-86B1-85B16501970A}.Release|Any CPU.Build.0 = Release|Any CPU
	EndGlobalSection
	GlobalSection(SolutionProperties) = preSolution
		HideSolutionNode = FALSE
	EndGlobalSection
	GlobalSection(ExtensibilityGlobals) = postSolution
		SolutionGuid = {5951D577-B565-4713-AA7E-B6ADFAB2213B}
	EndGlobalSection
EndGlobal
